
Microsoft Visual Studio Solution File, Format Version 12.00
# Visual Studio 15
VisualStudioVersion = 15.0.26730.12
MinimumVisualStudioVersion = 10.0.40219.1
Project("{FAE04EC0-301F-11D3-BF4B-00C04F79EFBC}") = "ReferenceValue", "ReferenceValue\ReferenceValue.csproj", "{F2A17F7F-8002-4D11-A8BC-93E63FB5B3D5}"
EndProject
Global
	GlobalSection(SolutionConfigurationPlatforms) = preSolution
		Debug|Any CPU = Debug|Any CPU
		Release|Any CPU = Release|Any CPU
	EndGlobalSection
	GlobalSection(ProjectConfigurationPlatforms) = postSolution
		{F2A17F7F-8002-4D11-A8BC-93E63FB5B3D5}.Debug|Any CPU.ActiveCfg = Debug|Any CPU
		{F2A17F7F-8002-4D11-A8BC-93E63FB5B3D5}.Debug|Any CPU.Build.0 = Debug|Any CPU
		{F2A17F7F-8002-4D11-A8BC-93E63FB5B3D5}.Release|Any CPU.ActiveCfg = Release|Any CPU
		{F2A17F7F-8002-4D11-A8BC-93E63FB5B3D5}.Release|Any CPU.Build.0 = Release|Any CPU
	EndGlobalSection
	GlobalSection(SolutionProperties) = preSolution
		HideSolutionNode = FALSE
	EndGlobalSection
	GlobalSection(ExtensibilityGlobals) = postSolution
		SolutionGuid = {2DD26A73-A669-4E9B-AD6E-7E4FDEEB0217}
	EndGlobalSection
EndGlobal
