
Microsoft Visual Studio Solution File, Format Version 12.00
# Visual Studio 15
VisualStudioVersion = 15.0.26730.12
MinimumVisualStudioVersion = 10.0.40219.1
Project("{FAE04EC0-301F-11D3-BF4B-00C04F79EFBC}") = "Variable_Scope_IniStructures", "Variable_Scope_IniStructures\Variable_Scope_IniStructures.csproj", "{DFB8A3EF-9EDF-469B-92EA-60236CF711F5}"
EndProject
Global
	GlobalSection(SolutionConfigurationPlatforms) = preSolution
		Debug|Any CPU = Debug|Any CPU
		Release|Any CPU = Release|Any CPU
	EndGlobalSection
	GlobalSection(ProjectConfigurationPlatforms) = postSolution
		{DFB8A3EF-9EDF-469B-92EA-60236CF711F5}.Debug|Any CPU.ActiveCfg = Debug|Any CPU
		{DFB8A3EF-9EDF-469B-92EA-60236CF711F5}.Debug|Any CPU.Build.0 = Debug|Any CPU
		{DFB8A3EF-9EDF-469B-92EA-60236CF711F5}.Release|Any CPU.ActiveCfg = Release|Any CPU
		{DFB8A3EF-9EDF-469B-92EA-60236CF711F5}.Release|Any CPU.Build.0 = Release|Any CPU
	EndGlobalSection
	GlobalSection(SolutionProperties) = preSolution
		HideSolutionNode = FALSE
	EndGlobalSection
	GlobalSection(ExtensibilityGlobals) = postSolution
		SolutionGuid = {91BC04CE-258E-4288-9EA8-0B28EE2EE071}
	EndGlobalSection
EndGlobal
