
Microsoft Visual Studio Solution File, Format Version 12.00
# Visual Studio 15
VisualStudioVersion = 15.0.26730.12
MinimumVisualStudioVersion = 10.0.40219.1
Project("{FAE04EC0-301F-11D3-BF4B-00C04F79EFBC}") = "Nested-If-Statement", "Nested-If-Statement\Nested-If-Statement.csproj", "{BEEB0089-9473-4C9A-88F3-152688214744}"
EndProject
Global
	GlobalSection(SolutionConfigurationPlatforms) = preSolution
		Debug|Any CPU = Debug|Any CPU
		Release|Any CPU = Release|Any CPU
	EndGlobalSection
	GlobalSection(ProjectConfigurationPlatforms) = postSolution
		{BEEB0089-9473-4C9A-88F3-152688214744}.Debug|Any CPU.ActiveCfg = Debug|Any CPU
		{BEEB0089-9473-4C9A-88F3-152688214744}.Debug|Any CPU.Build.0 = Debug|Any CPU
		{BEEB0089-9473-4C9A-88F3-152688214744}.Release|Any CPU.ActiveCfg = Release|Any CPU
		{BEEB0089-9473-4C9A-88F3-152688214744}.Release|Any CPU.Build.0 = Release|Any CPU
	EndGlobalSection
	GlobalSection(SolutionProperties) = preSolution
		HideSolutionNode = FALSE
	EndGlobalSection
	GlobalSection(ExtensibilityGlobals) = postSolution
		SolutionGuid = {B002687B-F6F8-401A-8335-B82F3989E7AB}
	EndGlobalSection
EndGlobal
