
Microsoft Visual Studio Solution File, Format Version 12.00
# Visual Studio 15
VisualStudioVersion = 15.0.26730.12
MinimumVisualStudioVersion = 10.0.40219.1
Project("{FAE04EC0-301F-11D3-BF4B-00C04F79EFBC}") = "Nested If Statement2", "Nested If Statement2\Nested If Statement2.csproj", "{850F52AE-6F36-4EB9-BE53-F90A85435BE2}"
EndProject
Global
	GlobalSection(SolutionConfigurationPlatforms) = preSolution
		Debug|Any CPU = Debug|Any CPU
		Release|Any CPU = Release|Any CPU
	EndGlobalSection
	GlobalSection(ProjectConfigurationPlatforms) = postSolution
		{850F52AE-6F36-4EB9-BE53-F90A85435BE2}.Debug|Any CPU.ActiveCfg = Debug|Any CPU
		{850F52AE-6F36-4EB9-BE53-F90A85435BE2}.Debug|Any CPU.Build.0 = Debug|Any CPU
		{850F52AE-6F36-4EB9-BE53-F90A85435BE2}.Release|Any CPU.ActiveCfg = Release|Any CPU
		{850F52AE-6F36-4EB9-BE53-F90A85435BE2}.Release|Any CPU.Build.0 = Release|Any CPU
	EndGlobalSection
	GlobalSection(SolutionProperties) = preSolution
		HideSolutionNode = FALSE
	EndGlobalSection
	GlobalSection(ExtensibilityGlobals) = postSolution
		SolutionGuid = {72621486-6945-4DBD-871B-C6895D97E6FF}
	EndGlobalSection
EndGlobal
